
Microsoft Visual Studio Solution File, Format Version 12.00
# Visual Studio Version 17
VisualStudioVersion = 17.4.33403.182
MinimumVisualStudioVersion = 10.0.40219.1
Project("{888888A0-9F3D-457C-B088-3A5042F75D52}") = "Parameters Search", "Parameters Search\Parameters Search.pyproj", "{798DBA47-32B5-453B-8074-E703657A33D2}"
EndProject
Global
	GlobalSection(SolutionConfigurationPlatforms) = preSolution
		Debug|Any CPU = Debug|Any CPU
		Release|Any CPU = Release|Any CPU
	EndGlobalSection
	GlobalSection(ProjectConfigurationPlatforms) = postSolution
		{798DBA47-32B5-453B-8074-E703657A33D2}.Debug|Any CPU.ActiveCfg = Debug|Any CPU
		{798DBA47-32B5-453B-8074-E703657A33D2}.Release|Any CPU.ActiveCfg = Release|Any CPU
	EndGlobalSection
	GlobalSection(SolutionProperties) = preSolution
		HideSolutionNode = FALSE
	EndGlobalSection
	GlobalSection(ExtensibilityGlobals) = postSolution
		SolutionGuid = {AC85221C-3B7E-4E43-98CF-BF78464473EF}
	EndGlobalSection
EndGlobal
