
Microsoft Visual Studio Solution File, Format Version 12.00
# Visual Studio Version 17
VisualStudioVersion = 17.5.33424.131
MinimumVisualStudioVersion = 10.0.40219.1
Project("{8BC9CEB8-8B4A-11D0-8D11-00A0C91BC942}") = "1부터_일정_수까지의_합을구하는_sum함수", "1부터_일정_수까지의_합을구하는_sum함수.vcxproj", "{BD4FE5A0-474B-4784-950D-220D02BF3BFF}"
EndProject
Global
	GlobalSection(SolutionConfigurationPlatforms) = preSolution
		Debug|x64 = Debug|x64
		Debug|x86 = Debug|x86
		Release|x64 = Release|x64
		Release|x86 = Release|x86
	EndGlobalSection
	GlobalSection(ProjectConfigurationPlatforms) = postSolution
		{BD4FE5A0-474B-4784-950D-220D02BF3BFF}.Debug|x64.ActiveCfg = Debug|x64
		{BD4FE5A0-474B-4784-950D-220D02BF3BFF}.Debug|x64.Build.0 = Debug|x64
		{BD4FE5A0-474B-4784-950D-220D02BF3BFF}.Debug|x86.ActiveCfg = Debug|Win32
		{BD4FE5A0-474B-4784-950D-220D02BF3BFF}.Debug|x86.Build.0 = Debug|Win32
		{BD4FE5A0-474B-4784-950D-220D02BF3BFF}.Release|x64.ActiveCfg = Release|x64
		{BD4FE5A0-474B-4784-950D-220D02BF3BFF}.Release|x64.Build.0 = Release|x64
		{BD4FE5A0-474B-4784-950D-220D02BF3BFF}.Release|x86.ActiveCfg = Release|Win32
		{BD4FE5A0-474B-4784-950D-220D02BF3BFF}.Release|x86.Build.0 = Release|Win32
	EndGlobalSection
	GlobalSection(SolutionProperties) = preSolution
		HideSolutionNode = FALSE
	EndGlobalSection
	GlobalSection(ExtensibilityGlobals) = postSolution
		SolutionGuid = {67201E1D-6DEB-4D38-BCDC-C55E52D6C8BD}
	EndGlobalSection
EndGlobal
