
Microsoft Visual Studio Solution File, Format Version 12.00
# Visual Studio Version 17
VisualStudioVersion = 17.4.33403.182
MinimumVisualStudioVersion = 10.0.40219.1
Project("{888888A0-9F3D-457C-B088-3A5042F75D52}") = "Solution Explorer", "Solution Explorer\Solution Explorer.pyproj", "{CADCFEEC-5CC3-4137-9EC4-22952ECBFEE5}"
EndProject
Global
	GlobalSection(SolutionConfigurationPlatforms) = preSolution
		Debug|Any CPU = Debug|Any CPU
		Release|Any CPU = Release|Any CPU
	EndGlobalSection
	GlobalSection(ProjectConfigurationPlatforms) = postSolution
		{CADCFEEC-5CC3-4137-9EC4-22952ECBFEE5}.Debug|Any CPU.ActiveCfg = Debug|Any CPU
		{CADCFEEC-5CC3-4137-9EC4-22952ECBFEE5}.Release|Any CPU.ActiveCfg = Release|Any CPU
	EndGlobalSection
	GlobalSection(SolutionProperties) = preSolution
		HideSolutionNode = FALSE
	EndGlobalSection
	GlobalSection(ExtensibilityGlobals) = postSolution
		SolutionGuid = {2472AA96-E0BB-4262-A3DD-ECB1CC5B976B}
	EndGlobalSection
EndGlobal
