
Microsoft Visual Studio Solution File, Format Version 12.00
# Visual Studio Version 17
VisualStudioVersion = 17.5.33424.131
MinimumVisualStudioVersion = 10.0.40219.1
Project("{8BC9CEB8-8B4A-11D0-8D11-00A0C91BC942}") = "야구경기장_좌석수", "야구경기장_좌석수.vcxproj", "{14BBE0F7-8619-47CF-A6D9-6A04F4601CB1}"
EndProject
Global
	GlobalSection(SolutionConfigurationPlatforms) = preSolution
		Debug|x64 = Debug|x64
		Debug|x86 = Debug|x86
		Release|x64 = Release|x64
		Release|x86 = Release|x86
	EndGlobalSection
	GlobalSection(ProjectConfigurationPlatforms) = postSolution
		{14BBE0F7-8619-47CF-A6D9-6A04F4601CB1}.Debug|x64.ActiveCfg = Debug|x64
		{14BBE0F7-8619-47CF-A6D9-6A04F4601CB1}.Debug|x64.Build.0 = Debug|x64
		{14BBE0F7-8619-47CF-A6D9-6A04F4601CB1}.Debug|x86.ActiveCfg = Debug|Win32
		{14BBE0F7-8619-47CF-A6D9-6A04F4601CB1}.Debug|x86.Build.0 = Debug|Win32
		{14BBE0F7-8619-47CF-A6D9-6A04F4601CB1}.Release|x64.ActiveCfg = Release|x64
		{14BBE0F7-8619-47CF-A6D9-6A04F4601CB1}.Release|x64.Build.0 = Release|x64
		{14BBE0F7-8619-47CF-A6D9-6A04F4601CB1}.Release|x86.ActiveCfg = Release|Win32
		{14BBE0F7-8619-47CF-A6D9-6A04F4601CB1}.Release|x86.Build.0 = Release|Win32
	EndGlobalSection
	GlobalSection(SolutionProperties) = preSolution
		HideSolutionNode = FALSE
	EndGlobalSection
	GlobalSection(ExtensibilityGlobals) = postSolution
		SolutionGuid = {94222A11-EA2D-4A65-8DD8-B63B3855D74C}
	EndGlobalSection
EndGlobal
