
Microsoft Visual Studio Solution File, Format Version 12.00
# Visual Studio Version 17
VisualStudioVersion = 17.5.33424.131
MinimumVisualStudioVersion = 10.0.40219.1
Project("{8BC9CEB8-8B4A-11D0-8D11-00A0C91BC942}") = "scanf_함수를_사용한_문자열_입력", "scanf_함수를_사용한_문자열_입력.vcxproj", "{70A8807A-2114-4AA1-B992-84E7494650A7}"
EndProject
Global
	GlobalSection(SolutionConfigurationPlatforms) = preSolution
		Debug|x64 = Debug|x64
		Debug|x86 = Debug|x86
		Release|x64 = Release|x64
		Release|x86 = Release|x86
	EndGlobalSection
	GlobalSection(ProjectConfigurationPlatforms) = postSolution
		{70A8807A-2114-4AA1-B992-84E7494650A7}.Debug|x64.ActiveCfg = Debug|x64
		{70A8807A-2114-4AA1-B992-84E7494650A7}.Debug|x64.Build.0 = Debug|x64
		{70A8807A-2114-4AA1-B992-84E7494650A7}.Debug|x86.ActiveCfg = Debug|Win32
		{70A8807A-2114-4AA1-B992-84E7494650A7}.Debug|x86.Build.0 = Debug|Win32
		{70A8807A-2114-4AA1-B992-84E7494650A7}.Release|x64.ActiveCfg = Release|x64
		{70A8807A-2114-4AA1-B992-84E7494650A7}.Release|x64.Build.0 = Release|x64
		{70A8807A-2114-4AA1-B992-84E7494650A7}.Release|x86.ActiveCfg = Release|Win32
		{70A8807A-2114-4AA1-B992-84E7494650A7}.Release|x86.Build.0 = Release|Win32
	EndGlobalSection
	GlobalSection(SolutionProperties) = preSolution
		HideSolutionNode = FALSE
	EndGlobalSection
	GlobalSection(ExtensibilityGlobals) = postSolution
		SolutionGuid = {A4D57136-7D0C-42F3-A2E3-6A3421A25FC7}
	EndGlobalSection
EndGlobal
