
Microsoft Visual Studio Solution File, Format Version 12.00
# Visual Studio Version 17
VisualStudioVersion = 17.5.33424.131
MinimumVisualStudioVersion = 10.0.40219.1
Project("{8BC9CEB8-8B4A-11D0-8D11-00A0C91BC942}") = "fgets_함수의_문자열_입력_방법", "fgets_함수의_문자열_입력_방법.vcxproj", "{85715E9C-2EEF-4CBE-B92E-78D4C919B59E}"
EndProject
Global
	GlobalSection(SolutionConfigurationPlatforms) = preSolution
		Debug|x64 = Debug|x64
		Debug|x86 = Debug|x86
		Release|x64 = Release|x64
		Release|x86 = Release|x86
	EndGlobalSection
	GlobalSection(ProjectConfigurationPlatforms) = postSolution
		{85715E9C-2EEF-4CBE-B92E-78D4C919B59E}.Debug|x64.ActiveCfg = Debug|x64
		{85715E9C-2EEF-4CBE-B92E-78D4C919B59E}.Debug|x64.Build.0 = Debug|x64
		{85715E9C-2EEF-4CBE-B92E-78D4C919B59E}.Debug|x86.ActiveCfg = Debug|Win32
		{85715E9C-2EEF-4CBE-B92E-78D4C919B59E}.Debug|x86.Build.0 = Debug|Win32
		{85715E9C-2EEF-4CBE-B92E-78D4C919B59E}.Release|x64.ActiveCfg = Release|x64
		{85715E9C-2EEF-4CBE-B92E-78D4C919B59E}.Release|x64.Build.0 = Release|x64
		{85715E9C-2EEF-4CBE-B92E-78D4C919B59E}.Release|x86.ActiveCfg = Release|Win32
		{85715E9C-2EEF-4CBE-B92E-78D4C919B59E}.Release|x86.Build.0 = Release|Win32
	EndGlobalSection
	GlobalSection(SolutionProperties) = preSolution
		HideSolutionNode = FALSE
	EndGlobalSection
	GlobalSection(ExtensibilityGlobals) = postSolution
		SolutionGuid = {160331EF-B1BB-4013-8BF6-51B7592B4566}
	EndGlobalSection
EndGlobal
