
Microsoft Visual Studio Solution File, Format Version 12.00
# Visual Studio Version 17
VisualStudioVersion = 17.5.33424.131
MinimumVisualStudioVersion = 10.0.40219.1
Project("{8BC9CEB8-8B4A-11D0-8D11-00A0C91BC942}") = "배열_초기화와_복사", "배열_초기화와_복사.vcxproj", "{2CF77C5E-2ABC-4BC9-B34C-5B689E875100}"
EndProject
Global
	GlobalSection(SolutionConfigurationPlatforms) = preSolution
		Debug|x64 = Debug|x64
		Debug|x86 = Debug|x86
		Release|x64 = Release|x64
		Release|x86 = Release|x86
	EndGlobalSection
	GlobalSection(ProjectConfigurationPlatforms) = postSolution
		{2CF77C5E-2ABC-4BC9-B34C-5B689E875100}.Debug|x64.ActiveCfg = Debug|x64
		{2CF77C5E-2ABC-4BC9-B34C-5B689E875100}.Debug|x64.Build.0 = Debug|x64
		{2CF77C5E-2ABC-4BC9-B34C-5B689E875100}.Debug|x86.ActiveCfg = Debug|Win32
		{2CF77C5E-2ABC-4BC9-B34C-5B689E875100}.Debug|x86.Build.0 = Debug|Win32
		{2CF77C5E-2ABC-4BC9-B34C-5B689E875100}.Release|x64.ActiveCfg = Release|x64
		{2CF77C5E-2ABC-4BC9-B34C-5B689E875100}.Release|x64.Build.0 = Release|x64
		{2CF77C5E-2ABC-4BC9-B34C-5B689E875100}.Release|x86.ActiveCfg = Release|Win32
		{2CF77C5E-2ABC-4BC9-B34C-5B689E875100}.Release|x86.Build.0 = Release|Win32
	EndGlobalSection
	GlobalSection(SolutionProperties) = preSolution
		HideSolutionNode = FALSE
	EndGlobalSection
	GlobalSection(ExtensibilityGlobals) = postSolution
		SolutionGuid = {C421C3BB-9DA6-49D1-A2B2-8A92ED7F9A96}
	EndGlobalSection
EndGlobal
