
Microsoft Visual Studio Solution File, Format Version 12.00
# Visual Studio Version 17
VisualStudioVersion = 17.5.33424.131
MinimumVisualStudioVersion = 10.0.40219.1
Project("{8BC9CEB8-8B4A-11D0-8D11-00A0C91BC942}") = "재귀호출_함수2", "재귀호출_함수2.vcxproj", "{4A8E4008-CFF7-45FC-B64C-9CF7870A808E}"
EndProject
Global
	GlobalSection(SolutionConfigurationPlatforms) = preSolution
		Debug|x64 = Debug|x64
		Debug|x86 = Debug|x86
		Release|x64 = Release|x64
		Release|x86 = Release|x86
	EndGlobalSection
	GlobalSection(ProjectConfigurationPlatforms) = postSolution
		{4A8E4008-CFF7-45FC-B64C-9CF7870A808E}.Debug|x64.ActiveCfg = Debug|x64
		{4A8E4008-CFF7-45FC-B64C-9CF7870A808E}.Debug|x64.Build.0 = Debug|x64
		{4A8E4008-CFF7-45FC-B64C-9CF7870A808E}.Debug|x86.ActiveCfg = Debug|Win32
		{4A8E4008-CFF7-45FC-B64C-9CF7870A808E}.Debug|x86.Build.0 = Debug|Win32
		{4A8E4008-CFF7-45FC-B64C-9CF7870A808E}.Release|x64.ActiveCfg = Release|x64
		{4A8E4008-CFF7-45FC-B64C-9CF7870A808E}.Release|x64.Build.0 = Release|x64
		{4A8E4008-CFF7-45FC-B64C-9CF7870A808E}.Release|x86.ActiveCfg = Release|Win32
		{4A8E4008-CFF7-45FC-B64C-9CF7870A808E}.Release|x86.Build.0 = Release|Win32
	EndGlobalSection
	GlobalSection(SolutionProperties) = preSolution
		HideSolutionNode = FALSE
	EndGlobalSection
	GlobalSection(ExtensibilityGlobals) = postSolution
		SolutionGuid = {B7C52870-3003-496D-A3D7-C235FB8C9F49}
	EndGlobalSection
EndGlobal
